
Microsoft Visual Studio Solution File, Format Version 12.00
# Visual Studio Version 17
VisualStudioVersion = 17.14.36221.1
MinimumVisualStudioVersion = 10.0.40219.1
Project("{FAE04EC0-301F-11D3-BF4B-00C04F79EFBC}") = "ElectricityCuttingDownManagmentSystem.API", "ElectricityCuttingDownManagment.SystemAPI\ElectricityCuttingDownManagmentSystem.API.csproj", "{4160C25B-D78C-4FFA-BF03-1E936C6F750E}"
EndProject
Project("{FAE04EC0-301F-11D3-BF4B-00C04F79EFBC}") = "ElectricityCuttingConsoleApp", "ElectricityCuttingConsoleApp\ElectricityCuttingConsoleApp.csproj", "{5C4EC19E-1A00-437A-A726-88F1461CAC6B}"
EndProject
Project("{FAE04EC0-301F-11D3-BF4B-00C04F79EFBC}") = "ElectricityCuttingDown.WebPortal", "ElectricityCuttingDown.WebPortal\ElectricityCuttingDown.WebPortal.csproj", "{127631CB-D2AF-45CF-98E2-C7C56954D6D6}"
EndProject
Global
	GlobalSection(SolutionConfigurationPlatforms) = preSolution
		Debug|Any CPU = Debug|Any CPU
		Release|Any CPU = Release|Any CPU
	EndGlobalSection
	GlobalSection(ProjectConfigurationPlatforms) = postSolution
		{4160C25B-D78C-4FFA-BF03-1E936C6F750E}.Debug|Any CPU.ActiveCfg = Debug|Any CPU
		{4160C25B-D78C-4FFA-BF03-1E936C6F750E}.Debug|Any CPU.Build.0 = Debug|Any CPU
		{4160C25B-D78C-4FFA-BF03-1E936C6F750E}.Release|Any CPU.ActiveCfg = Release|Any CPU
		{4160C25B-D78C-4FFA-BF03-1E936C6F750E}.Release|Any CPU.Build.0 = Release|Any CPU
		{5C4EC19E-1A00-437A-A726-88F1461CAC6B}.Debug|Any CPU.ActiveCfg = Debug|Any CPU
		{5C4EC19E-1A00-437A-A726-88F1461CAC6B}.Debug|Any CPU.Build.0 = Debug|Any CPU
		{5C4EC19E-1A00-437A-A726-88F1461CAC6B}.Release|Any CPU.ActiveCfg = Release|Any CPU
		{5C4EC19E-1A00-437A-A726-88F1461CAC6B}.Release|Any CPU.Build.0 = Release|Any CPU
		{127631CB-D2AF-45CF-98E2-C7C56954D6D6}.Debug|Any CPU.ActiveCfg = Debug|Any CPU
		{127631CB-D2AF-45CF-98E2-C7C56954D6D6}.Debug|Any CPU.Build.0 = Debug|Any CPU
		{127631CB-D2AF-45CF-98E2-C7C56954D6D6}.Release|Any CPU.ActiveCfg = Release|Any CPU
		{127631CB-D2AF-45CF-98E2-C7C56954D6D6}.Release|Any CPU.Build.0 = Release|Any CPU
	EndGlobalSection
	GlobalSection(SolutionProperties) = preSolution
		HideSolutionNode = FALSE
	EndGlobalSection
	GlobalSection(ExtensibilityGlobals) = postSolution
		SolutionGuid = {52334BC3-5A21-4799-821F-BC3E4535C3A7}
	EndGlobalSection
EndGlobal
